{
  "dependencies": {
    "@scope/elint-preset-scope": {
      "version": "1.0.0",
      "resolved": "https://registry.npmjs.fromlock.org/@scope/elint-preset-scope/-/elint-preset-scope-1.0.0.tgz"
    },
    "elint-preset-node": {
      "version": "1.0.0",
      "resolved": "https://registry.npmjs.fromlock.org/elint-preset-node/-/elint-preset-node-1.0.0.tgz"
    },
    "elint-preset-normal": {
      "version": "1.0.0",
      "resolved": "https://registry.npmjs.fromlock.org/elint-preset-normal/-/elint-preset-normal-1.0.0.tgz"
    }
  }
}
